Microsoft Visual Studio Solution File, Format Version 12.00
# Visual Studio 2013
Project("{8BC9CEB8-8B4A-11D0-8D11-00A0C91BC942}") = "ALL_BUILD", "ALL_BUILD.vcxproj", "{A80217E7-D6A5-40BC-9E4F-4E2B254BFC05}"
	ProjectSection(ProjectDependencies) = postProject
		{E22E8195-A35B-459E-9247-F6B57A6BE7A6} = {E22E8195-A35B-459E-9247-F6B57A6BE7A6}
		{0FEE2810-1518-4A25-A5D8-6363C556A7F0} = {0FEE2810-1518-4A25-A5D8-6363C556A7F0}
		{686B314E-B178-494C-AF55-7659B6663E89} = {686B314E-B178-494C-AF55-7659B6663E89}
		{FDA4D500-5710-41E0-8C5A-76B474AF1B73} = {FDA4D500-5710-41E0-8C5A-76B474AF1B73}
		{6A07A9B1-3481-4681-9996-ED8306FF5FA9} = {6A07A9B1-3481-4681-9996-ED8306FF5FA9}
		{0AA4E53D-ED18-4B87-B01A-BD220EFEB07F} = {0AA4E53D-ED18-4B87-B01A-BD220EFEB07F}
		{0824DE64-04EA-4FC5-B0F3-0080FC45AF77} = {0824DE64-04EA-4FC5-B0F3-0080FC45AF77}
		{4D120896-2E7E-4CA8-8DB7-ED0D02663ACD} = {4D120896-2E7E-4CA8-8DB7-ED0D02663ACD}
		{1736AD1F-A7EB-42A7-93EE-A0D6373EA487} = {1736AD1F-A7EB-42A7-93EE-A0D6373EA487}
		{55528D70-3C7D-4C64-88FE-18444EAC9A45} = {55528D70-3C7D-4C64-88FE-18444EAC9A45}
		{E892930E-7331-4E45-A408-2A330F822168} = {E892930E-7331-4E45-A408-2A330F822168}
		{E98D4ACE-C3E7-484F-BC61-A0F7AB2412A1} = {E98D4ACE-C3E7-484F-BC61-A0F7AB2412A1}
		{6673CEB1-32DC-4ECF-85C8-18BA34FB2ADC} = {6673CEB1-32DC-4ECF-85C8-18BA34FB2ADC}
		{8FCABA66-D471-4722-B4A8-B308216BC456} = {8FCABA66-D471-4722-B4A8-B308216BC456}
		{B95D62CA-F2B6-4B4F-B16B-5250E00F3A2F} = {B95D62CA-F2B6-4B4F-B16B-5250E00F3A2F}
		{593123E6-B077-46E7-87B5-E90237BF0ED9} = {593123E6-B077-46E7-87B5-E90237BF0ED9}
		{80F58E2D-C464-49CF-9107-C54FCBD46F8D} = {80F58E2D-C464-49CF-9107-C54FCBD46F8D}
	EndProjectSection
EndProject
Project("{8BC9CEB8-8B4A-11D0-8D11-00A0C91BC942}") = "INSTALL", "INSTALL.vcxproj", "{D34F567D-1B10-4DFF-8EF1-3B9DF760BEC0}"
	ProjectSection(ProjectDependencies) = postProject
		{A80217E7-D6A5-40BC-9E4F-4E2B254BFC05} = {A80217E7-D6A5-40BC-9E4F-4E2B254BFC05}
	EndProjectSection
EndProject
Project("{8BC9CEB8-8B4A-11D0-8D11-00A0C91BC942}") = "ZERO_CHECK", "ZERO_CHECK.vcxproj", "{E22E8195-A35B-459E-9247-F6B57A6BE7A6}"
	ProjectSection(ProjectDependencies) = postProject
	EndProjectSection
EndProject
Project("{8BC9CEB8-8B4A-11D0-8D11-00A0C91BC942}") = "ftp", "examples\ftp\ftp.vcxproj", "{0FEE2810-1518-4A25-A5D8-6363C556A7F0}"
	ProjectSection(ProjectDependencies) = postProject
		{E22E8195-A35B-459E-9247-F6B57A6BE7A6} = {E22E8195-A35B-459E-9247-F6B57A6BE7A6}
		{4D120896-2E7E-4CA8-8DB7-ED0D02663ACD} = {4D120896-2E7E-4CA8-8DB7-ED0D02663ACD}
		{1736AD1F-A7EB-42A7-93EE-A0D6373EA487} = {1736AD1F-A7EB-42A7-93EE-A0D6373EA487}
	EndProjectSection
EndProject
Project("{8BC9CEB8-8B4A-11D0-8D11-00A0C91BC942}") = "opengl", "examples\opengl\opengl.vcxproj", "{686B314E-B178-494C-AF55-7659B6663E89}"
	ProjectSection(ProjectDependencies) = postProject
		{E22E8195-A35B-459E-9247-F6B57A6BE7A6} = {E22E8195-A35B-459E-9247-F6B57A6BE7A6}
		{0AA4E53D-ED18-4B87-B01A-BD220EFEB07F} = {0AA4E53D-ED18-4B87-B01A-BD220EFEB07F}
		{0824DE64-04EA-4FC5-B0F3-0080FC45AF77} = {0824DE64-04EA-4FC5-B0F3-0080FC45AF77}
		{1736AD1F-A7EB-42A7-93EE-A0D6373EA487} = {1736AD1F-A7EB-42A7-93EE-A0D6373EA487}
		{55528D70-3C7D-4C64-88FE-18444EAC9A45} = {55528D70-3C7D-4C64-88FE-18444EAC9A45}
	EndProjectSection
EndProject
Project("{8BC9CEB8-8B4A-11D0-8D11-00A0C91BC942}") = "pong", "examples\pong\pong.vcxproj", "{FDA4D500-5710-41E0-8C5A-76B474AF1B73}"
	ProjectSection(ProjectDependencies) = postProject
		{E22E8195-A35B-459E-9247-F6B57A6BE7A6} = {E22E8195-A35B-459E-9247-F6B57A6BE7A6}
		{6A07A9B1-3481-4681-9996-ED8306FF5FA9} = {6A07A9B1-3481-4681-9996-ED8306FF5FA9}
		{0AA4E53D-ED18-4B87-B01A-BD220EFEB07F} = {0AA4E53D-ED18-4B87-B01A-BD220EFEB07F}
		{0824DE64-04EA-4FC5-B0F3-0080FC45AF77} = {0824DE64-04EA-4FC5-B0F3-0080FC45AF77}
		{1736AD1F-A7EB-42A7-93EE-A0D6373EA487} = {1736AD1F-A7EB-42A7-93EE-A0D6373EA487}
		{55528D70-3C7D-4C64-88FE-18444EAC9A45} = {55528D70-3C7D-4C64-88FE-18444EAC9A45}
	EndProjectSection
EndProject
Project("{8BC9CEB8-8B4A-11D0-8D11-00A0C91BC942}") = "sfml-audio", "src\SFML\Audio\sfml-audio.vcxproj", "{6A07A9B1-3481-4681-9996-ED8306FF5FA9}"
	ProjectSection(ProjectDependencies) = postProject
		{E22E8195-A35B-459E-9247-F6B57A6BE7A6} = {E22E8195-A35B-459E-9247-F6B57A6BE7A6}
		{1736AD1F-A7EB-42A7-93EE-A0D6373EA487} = {1736AD1F-A7EB-42A7-93EE-A0D6373EA487}
	EndProjectSection
EndProject
Project("{8BC9CEB8-8B4A-11D0-8D11-00A0C91BC942}") = "sfml-graphics", "src\SFML\Graphics\sfml-graphics.vcxproj", "{0AA4E53D-ED18-4B87-B01A-BD220EFEB07F}"
	ProjectSection(ProjectDependencies) = postProject
		{E22E8195-A35B-459E-9247-F6B57A6BE7A6} = {E22E8195-A35B-459E-9247-F6B57A6BE7A6}
		{1736AD1F-A7EB-42A7-93EE-A0D6373EA487} = {1736AD1F-A7EB-42A7-93EE-A0D6373EA487}
		{55528D70-3C7D-4C64-88FE-18444EAC9A45} = {55528D70-3C7D-4C64-88FE-18444EAC9A45}
	EndProjectSection
EndProject
Project("{8BC9CEB8-8B4A-11D0-8D11-00A0C91BC942}") = "sfml-main", "src\SFML\Main\sfml-main.vcxproj", "{0824DE64-04EA-4FC5-B0F3-0080FC45AF77}"
	ProjectSection(ProjectDependencies) = postProject
		{E22E8195-A35B-459E-9247-F6B57A6BE7A6} = {E22E8195-A35B-459E-9247-F6B57A6BE7A6}
	EndProjectSection
EndProject
Project("{8BC9CEB8-8B4A-11D0-8D11-00A0C91BC942}") = "sfml-network", "src\SFML\Network\sfml-network.vcxproj", "{4D120896-2E7E-4CA8-8DB7-ED0D02663ACD}"
	ProjectSection(ProjectDependencies) = postProject
		{E22E8195-A35B-459E-9247-F6B57A6BE7A6} = {E22E8195-A35B-459E-9247-F6B57A6BE7A6}
		{1736AD1F-A7EB-42A7-93EE-A0D6373EA487} = {1736AD1F-A7EB-42A7-93EE-A0D6373EA487}
	EndProjectSection
EndProject
Project("{8BC9CEB8-8B4A-11D0-8D11-00A0C91BC942}") = "sfml-system", "src\SFML\System\sfml-system.vcxproj", "{1736AD1F-A7EB-42A7-93EE-A0D6373EA487}"
	ProjectSection(ProjectDependencies) = postProject
		{E22E8195-A35B-459E-9247-F6B57A6BE7A6} = {E22E8195-A35B-459E-9247-F6B57A6BE7A6}
	EndProjectSection
EndProject
Project("{8BC9CEB8-8B4A-11D0-8D11-00A0C91BC942}") = "sfml-window", "src\SFML\Window\sfml-window.vcxproj", "{55528D70-3C7D-4C64-88FE-18444EAC9A45}"
	ProjectSection(ProjectDependencies) = postProject
		{E22E8195-A35B-459E-9247-F6B57A6BE7A6} = {E22E8195-A35B-459E-9247-F6B57A6BE7A6}
		{1736AD1F-A7EB-42A7-93EE-A0D6373EA487} = {1736AD1F-A7EB-42A7-93EE-A0D6373EA487}
	EndProjectSection
EndProject
Project("{8BC9CEB8-8B4A-11D0-8D11-00A0C91BC942}") = "shader", "examples\shader\shader.vcxproj", "{E892930E-7331-4E45-A408-2A330F822168}"
	ProjectSection(ProjectDependencies) = postProject
		{E22E8195-A35B-459E-9247-F6B57A6BE7A6} = {E22E8195-A35B-459E-9247-F6B57A6BE7A6}
		{0AA4E53D-ED18-4B87-B01A-BD220EFEB07F} = {0AA4E53D-ED18-4B87-B01A-BD220EFEB07F}
		{0824DE64-04EA-4FC5-B0F3-0080FC45AF77} = {0824DE64-04EA-4FC5-B0F3-0080FC45AF77}
		{1736AD1F-A7EB-42A7-93EE-A0D6373EA487} = {1736AD1F-A7EB-42A7-93EE-A0D6373EA487}
		{55528D70-3C7D-4C64-88FE-18444EAC9A45} = {55528D70-3C7D-4C64-88FE-18444EAC9A45}
	EndProjectSection
EndProject
Project("{8BC9CEB8-8B4A-11D0-8D11-00A0C91BC942}") = "sockets", "examples\sockets\sockets.vcxproj", "{E98D4ACE-C3E7-484F-BC61-A0F7AB2412A1}"
	ProjectSection(ProjectDependencies) = postProject
		{E22E8195-A35B-459E-9247-F6B57A6BE7A6} = {E22E8195-A35B-459E-9247-F6B57A6BE7A6}
		{4D120896-2E7E-4CA8-8DB7-ED0D02663ACD} = {4D120896-2E7E-4CA8-8DB7-ED0D02663ACD}
		{1736AD1F-A7EB-42A7-93EE-A0D6373EA487} = {1736AD1F-A7EB-42A7-93EE-A0D6373EA487}
	EndProjectSection
EndProject
Project("{8BC9CEB8-8B4A-11D0-8D11-00A0C91BC942}") = "sound", "examples\sound\sound.vcxproj", "{6673CEB1-32DC-4ECF-85C8-18BA34FB2ADC}"
	ProjectSection(ProjectDependencies) = postProject
		{E22E8195-A35B-459E-9247-F6B57A6BE7A6} = {E22E8195-A35B-459E-9247-F6B57A6BE7A6}
		{6A07A9B1-3481-4681-9996-ED8306FF5FA9} = {6A07A9B1-3481-4681-9996-ED8306FF5FA9}
		{1736AD1F-A7EB-42A7-93EE-A0D6373EA487} = {1736AD1F-A7EB-42A7-93EE-A0D6373EA487}
	EndProjectSection
EndProject
Project("{8BC9CEB8-8B4A-11D0-8D11-00A0C91BC942}") = "sound-capture", "examples\sound_capture\sound-capture.vcxproj", "{8FCABA66-D471-4722-B4A8-B308216BC456}"
	ProjectSection(ProjectDependencies) = postProject
		{E22E8195-A35B-459E-9247-F6B57A6BE7A6} = {E22E8195-A35B-459E-9247-F6B57A6BE7A6}
		{6A07A9B1-3481-4681-9996-ED8306FF5FA9} = {6A07A9B1-3481-4681-9996-ED8306FF5FA9}
		{1736AD1F-A7EB-42A7-93EE-A0D6373EA487} = {1736AD1F-A7EB-42A7-93EE-A0D6373EA487}
	EndProjectSection
EndProject
Project("{8BC9CEB8-8B4A-11D0-8D11-00A0C91BC942}") = "voip", "examples\voip\voip.vcxproj", "{B95D62CA-F2B6-4B4F-B16B-5250E00F3A2F}"
	ProjectSection(ProjectDependencies) = postProject
		{E22E8195-A35B-459E-9247-F6B57A6BE7A6} = {E22E8195-A35B-459E-9247-F6B57A6BE7A6}
		{6A07A9B1-3481-4681-9996-ED8306FF5FA9} = {6A07A9B1-3481-4681-9996-ED8306FF5FA9}
		{4D120896-2E7E-4CA8-8DB7-ED0D02663ACD} = {4D120896-2E7E-4CA8-8DB7-ED0D02663ACD}
		{1736AD1F-A7EB-42A7-93EE-A0D6373EA487} = {1736AD1F-A7EB-42A7-93EE-A0D6373EA487}
	EndProjectSection
EndProject
Project("{8BC9CEB8-8B4A-11D0-8D11-00A0C91BC942}") = "win32", "examples\win32\win32.vcxproj", "{593123E6-B077-46E7-87B5-E90237BF0ED9}"
	ProjectSection(ProjectDependencies) = postProject
		{E22E8195-A35B-459E-9247-F6B57A6BE7A6} = {E22E8195-A35B-459E-9247-F6B57A6BE7A6}
		{0AA4E53D-ED18-4B87-B01A-BD220EFEB07F} = {0AA4E53D-ED18-4B87-B01A-BD220EFEB07F}
		{0824DE64-04EA-4FC5-B0F3-0080FC45AF77} = {0824DE64-04EA-4FC5-B0F3-0080FC45AF77}
		{1736AD1F-A7EB-42A7-93EE-A0D6373EA487} = {1736AD1F-A7EB-42A7-93EE-A0D6373EA487}
		{55528D70-3C7D-4C64-88FE-18444EAC9A45} = {55528D70-3C7D-4C64-88FE-18444EAC9A45}
	EndProjectSection
EndProject
Project("{8BC9CEB8-8B4A-11D0-8D11-00A0C91BC942}") = "window", "examples\window\window.vcxproj", "{80F58E2D-C464-49CF-9107-C54FCBD46F8D}"
	ProjectSection(ProjectDependencies) = postProject
		{E22E8195-A35B-459E-9247-F6B57A6BE7A6} = {E22E8195-A35B-459E-9247-F6B57A6BE7A6}
		{0824DE64-04EA-4FC5-B0F3-0080FC45AF77} = {0824DE64-04EA-4FC5-B0F3-0080FC45AF77}
		{1736AD1F-A7EB-42A7-93EE-A0D6373EA487} = {1736AD1F-A7EB-42A7-93EE-A0D6373EA487}
		{55528D70-3C7D-4C64-88FE-18444EAC9A45} = {55528D70-3C7D-4C64-88FE-18444EAC9A45}
	EndProjectSection
EndProject
Project("{2150E333-8FDC-42A3-9474-1A3956D46DE8}") = "CMake", "CMake", "{95139448-54F1-49FB-ADA3-03014667A66A}"
EndProject
Project("{2150E333-8FDC-42A3-9474-1A3956D46DE8}") = "Examples", "Examples", "{C8F184C1-1969-4A4A-A66E-DDFAB684AB79}"
EndProject
Project("{2150E333-8FDC-42A3-9474-1A3956D46DE8}") = "SFML", "SFML", "{44EE76D5-BB04-4A6F-83AA-54800592FEC8}"
EndProject
Global
	GlobalSection(SolutionConfigurationPlatforms) = preSolution
		Debug|x64 = Debug|x64
		Release|x64 = Release|x64
		MinSizeRel|x64 = MinSizeRel|x64
		RelWithDebInfo|x64 = RelWithDebInfo|x64
	EndGlobalSection
	GlobalSection(ProjectConfigurationPlatforms) = postSolution
		{A80217E7-D6A5-40BC-9E4F-4E2B254BFC05}.Debug|x64.ActiveCfg = Debug|x64
		{A80217E7-D6A5-40BC-9E4F-4E2B254BFC05}.Debug|x64.Build.0 = Debug|x64
		{A80217E7-D6A5-40BC-9E4F-4E2B254BFC05}.Release|x64.ActiveCfg = Release|x64
		{A80217E7-D6A5-40BC-9E4F-4E2B254BFC05}.Release|x64.Build.0 = Release|x64
		{A80217E7-D6A5-40BC-9E4F-4E2B254BFC05}.MinSizeRel|x64.ActiveCfg = MinSizeRel|x64
		{A80217E7-D6A5-40BC-9E4F-4E2B254BFC05}.MinSizeRel|x64.Build.0 = MinSizeRel|x64
		{A80217E7-D6A5-40BC-9E4F-4E2B254BFC05}.RelWithDebInfo|x64.ActiveCfg = RelWithDebInfo|x64
		{A80217E7-D6A5-40BC-9E4F-4E2B254BFC05}.RelWithDebInfo|x64.Build.0 = RelWithDebInfo|x64
		{D34F567D-1B10-4DFF-8EF1-3B9DF760BEC0}.Debug|x64.ActiveCfg = Debug|x64
		{D34F567D-1B10-4DFF-8EF1-3B9DF760BEC0}.Release|x64.ActiveCfg = Release|x64
		{D34F567D-1B10-4DFF-8EF1-3B9DF760BEC0}.MinSizeRel|x64.ActiveCfg = MinSizeRel|x64
		{D34F567D-1B10-4DFF-8EF1-3B9DF760BEC0}.RelWithDebInfo|x64.ActiveCfg = RelWithDebInfo|x64
		{E22E8195-A35B-459E-9247-F6B57A6BE7A6}.Debug|x64.ActiveCfg = Debug|x64
		{E22E8195-A35B-459E-9247-F6B57A6BE7A6}.Debug|x64.Build.0 = Debug|x64
		{E22E8195-A35B-459E-9247-F6B57A6BE7A6}.Release|x64.ActiveCfg = Release|x64
		{E22E8195-A35B-459E-9247-F6B57A6BE7A6}.Release|x64.Build.0 = Release|x64
		{E22E8195-A35B-459E-9247-F6B57A6BE7A6}.MinSizeRel|x64.ActiveCfg = MinSizeRel|x64
		{E22E8195-A35B-459E-9247-F6B57A6BE7A6}.MinSizeRel|x64.Build.0 = MinSizeRel|x64
		{E22E8195-A35B-459E-9247-F6B57A6BE7A6}.RelWithDebInfo|x64.ActiveCfg = RelWithDebInfo|x64
		{E22E8195-A35B-459E-9247-F6B57A6BE7A6}.RelWithDebInfo|x64.Build.0 = RelWithDebInfo|x64
		{0FEE2810-1518-4A25-A5D8-6363C556A7F0}.Debug|x64.ActiveCfg = Debug|x64
		{0FEE2810-1518-4A25-A5D8-6363C556A7F0}.Debug|x64.Build.0 = Debug|x64
		{0FEE2810-1518-4A25-A5D8-6363C556A7F0}.Release|x64.ActiveCfg = Release|x64
		{0FEE2810-1518-4A25-A5D8-6363C556A7F0}.Release|x64.Build.0 = Release|x64
		{0FEE2810-1518-4A25-A5D8-6363C556A7F0}.MinSizeRel|x64.ActiveCfg = MinSizeRel|x64
		{0FEE2810-1518-4A25-A5D8-6363C556A7F0}.MinSizeRel|x64.Build.0 = MinSizeRel|x64
		{0FEE2810-1518-4A25-A5D8-6363C556A7F0}.RelWithDebInfo|x64.ActiveCfg = RelWithDebInfo|x64
		{0FEE2810-1518-4A25-A5D8-6363C556A7F0}.RelWithDebInfo|x64.Build.0 = RelWithDebInfo|x64
		{686B314E-B178-494C-AF55-7659B6663E89}.Debug|x64.ActiveCfg = Debug|x64
		{686B314E-B178-494C-AF55-7659B6663E89}.Debug|x64.Build.0 = Debug|x64
		{686B314E-B178-494C-AF55-7659B6663E89}.Release|x64.ActiveCfg = Release|x64
		{686B314E-B178-494C-AF55-7659B6663E89}.Release|x64.Build.0 = Release|x64
		{686B314E-B178-494C-AF55-7659B6663E89}.MinSizeRel|x64.ActiveCfg = MinSizeRel|x64
		{686B314E-B178-494C-AF55-7659B6663E89}.MinSizeRel|x64.Build.0 = MinSizeRel|x64
		{686B314E-B178-494C-AF55-7659B6663E89}.RelWithDebInfo|x64.ActiveCfg = RelWithDebInfo|x64
		{686B314E-B178-494C-AF55-7659B6663E89}.RelWithDebInfo|x64.Build.0 = RelWithDebInfo|x64
		{FDA4D500-5710-41E0-8C5A-76B474AF1B73}.Debug|x64.ActiveCfg = Debug|x64
		{FDA4D500-5710-41E0-8C5A-76B474AF1B73}.Debug|x64.Build.0 = Debug|x64
		{FDA4D500-5710-41E0-8C5A-76B474AF1B73}.Release|x64.ActiveCfg = Release|x64
		{FDA4D500-5710-41E0-8C5A-76B474AF1B73}.Release|x64.Build.0 = Release|x64
		{FDA4D500-5710-41E0-8C5A-76B474AF1B73}.MinSizeRel|x64.ActiveCfg = MinSizeRel|x64
		{FDA4D500-5710-41E0-8C5A-76B474AF1B73}.MinSizeRel|x64.Build.0 = MinSizeRel|x64
		{FDA4D500-5710-41E0-8C5A-76B474AF1B73}.RelWithDebInfo|x64.ActiveCfg = RelWithDebInfo|x64
		{FDA4D500-5710-41E0-8C5A-76B474AF1B73}.RelWithDebInfo|x64.Build.0 = RelWithDebInfo|x64
		{6A07A9B1-3481-4681-9996-ED8306FF5FA9}.Debug|x64.ActiveCfg = Debug|x64
		{6A07A9B1-3481-4681-9996-ED8306FF5FA9}.Debug|x64.Build.0 = Debug|x64
		{6A07A9B1-3481-4681-9996-ED8306FF5FA9}.Release|x64.ActiveCfg = Release|x64
		{6A07A9B1-3481-4681-9996-ED8306FF5FA9}.Release|x64.Build.0 = Release|x64
		{6A07A9B1-3481-4681-9996-ED8306FF5FA9}.MinSizeRel|x64.ActiveCfg = MinSizeRel|x64
		{6A07A9B1-3481-4681-9996-ED8306FF5FA9}.MinSizeRel|x64.Build.0 = MinSizeRel|x64
		{6A07A9B1-3481-4681-9996-ED8306FF5FA9}.RelWithDebInfo|x64.ActiveCfg = RelWithDebInfo|x64
		{6A07A9B1-3481-4681-9996-ED8306FF5FA9}.RelWithDebInfo|x64.Build.0 = RelWithDebInfo|x64
		{0AA4E53D-ED18-4B87-B01A-BD220EFEB07F}.Debug|x64.ActiveCfg = Debug|x64
		{0AA4E53D-ED18-4B87-B01A-BD220EFEB07F}.Debug|x64.Build.0 = Debug|x64
		{0AA4E53D-ED18-4B87-B01A-BD220EFEB07F}.Release|x64.ActiveCfg = Release|x64
		{0AA4E53D-ED18-4B87-B01A-BD220EFEB07F}.Release|x64.Build.0 = Release|x64
		{0AA4E53D-ED18-4B87-B01A-BD220EFEB07F}.MinSizeRel|x64.ActiveCfg = MinSizeRel|x64
		{0AA4E53D-ED18-4B87-B01A-BD220EFEB07F}.MinSizeRel|x64.Build.0 = MinSizeRel|x64
		{0AA4E53D-ED18-4B87-B01A-BD220EFEB07F}.RelWithDebInfo|x64.ActiveCfg = RelWithDebInfo|x64
		{0AA4E53D-ED18-4B87-B01A-BD220EFEB07F}.RelWithDebInfo|x64.Build.0 = RelWithDebInfo|x64
		{0824DE64-04EA-4FC5-B0F3-0080FC45AF77}.Debug|x64.ActiveCfg = Debug|x64
		{0824DE64-04EA-4FC5-B0F3-0080FC45AF77}.Debug|x64.Build.0 = Debug|x64
		{0824DE64-04EA-4FC5-B0F3-0080FC45AF77}.Release|x64.ActiveCfg = Release|x64
		{0824DE64-04EA-4FC5-B0F3-0080FC45AF77}.Release|x64.Build.0 = Release|x64
		{0824DE64-04EA-4FC5-B0F3-0080FC45AF77}.MinSizeRel|x64.ActiveCfg = MinSizeRel|x64
		{0824DE64-04EA-4FC5-B0F3-0080FC45AF77}.MinSizeRel|x64.Build.0 = MinSizeRel|x64
		{0824DE64-04EA-4FC5-B0F3-0080FC45AF77}.RelWithDebInfo|x64.ActiveCfg = RelWithDebInfo|x64
		{0824DE64-04EA-4FC5-B0F3-0080FC45AF77}.RelWithDebInfo|x64.Build.0 = RelWithDebInfo|x64
		{4D120896-2E7E-4CA8-8DB7-ED0D02663ACD}.Debug|x64.ActiveCfg = Debug|x64
		{4D120896-2E7E-4CA8-8DB7-ED0D02663ACD}.Debug|x64.Build.0 = Debug|x64
		{4D120896-2E7E-4CA8-8DB7-ED0D02663ACD}.Release|x64.ActiveCfg = Release|x64
		{4D120896-2E7E-4CA8-8DB7-ED0D02663ACD}.Release|x64.Build.0 = Release|x64
		{4D120896-2E7E-4CA8-8DB7-ED0D02663ACD}.MinSizeRel|x64.ActiveCfg = MinSizeRel|x64
		{4D120896-2E7E-4CA8-8DB7-ED0D02663ACD}.MinSizeRel|x64.Build.0 = MinSizeRel|x64
		{4D120896-2E7E-4CA8-8DB7-ED0D02663ACD}.RelWithDebInfo|x64.ActiveCfg = RelWithDebInfo|x64
		{4D120896-2E7E-4CA8-8DB7-ED0D02663ACD}.RelWithDebInfo|x64.Build.0 = RelWithDebInfo|x64
		{1736AD1F-A7EB-42A7-93EE-A0D6373EA487}.Debug|x64.ActiveCfg = Debug|x64
		{1736AD1F-A7EB-42A7-93EE-A0D6373EA487}.Debug|x64.Build.0 = Debug|x64
		{1736AD1F-A7EB-42A7-93EE-A0D6373EA487}.Release|x64.ActiveCfg = Release|x64
		{1736AD1F-A7EB-42A7-93EE-A0D6373EA487}.Release|x64.Build.0 = Release|x64
		{1736AD1F-A7EB-42A7-93EE-A0D6373EA487}.MinSizeRel|x64.ActiveCfg = MinSizeRel|x64
		{1736AD1F-A7EB-42A7-93EE-A0D6373EA487}.MinSizeRel|x64.Build.0 = MinSizeRel|x64
		{1736AD1F-A7EB-42A7-93EE-A0D6373EA487}.RelWithDebInfo|x64.ActiveCfg = RelWithDebInfo|x64
		{1736AD1F-A7EB-42A7-93EE-A0D6373EA487}.RelWithDebInfo|x64.Build.0 = RelWithDebInfo|x64
		{55528D70-3C7D-4C64-88FE-18444EAC9A45}.Debug|x64.ActiveCfg = Debug|x64
		{55528D70-3C7D-4C64-88FE-18444EAC9A45}.Debug|x64.Build.0 = Debug|x64
		{55528D70-3C7D-4C64-88FE-18444EAC9A45}.Release|x64.ActiveCfg = Release|x64
		{55528D70-3C7D-4C64-88FE-18444EAC9A45}.Release|x64.Build.0 = Release|x64
		{55528D70-3C7D-4C64-88FE-18444EAC9A45}.MinSizeRel|x64.ActiveCfg = MinSizeRel|x64
		{55528D70-3C7D-4C64-88FE-18444EAC9A45}.MinSizeRel|x64.Build.0 = MinSizeRel|x64
		{55528D70-3C7D-4C64-88FE-18444EAC9A45}.RelWithDebInfo|x64.ActiveCfg = RelWithDebInfo|x64
		{55528D70-3C7D-4C64-88FE-18444EAC9A45}.RelWithDebInfo|x64.Build.0 = RelWithDebInfo|x64
		{E892930E-7331-4E45-A408-2A330F822168}.Debug|x64.ActiveCfg = Debug|x64
		{E892930E-7331-4E45-A408-2A330F822168}.Debug|x64.Build.0 = Debug|x64
		{E892930E-7331-4E45-A408-2A330F822168}.Release|x64.ActiveCfg = Release|x64
		{E892930E-7331-4E45-A408-2A330F822168}.Release|x64.Build.0 = Release|x64
		{E892930E-7331-4E45-A408-2A330F822168}.MinSizeRel|x64.ActiveCfg = MinSizeRel|x64
		{E892930E-7331-4E45-A408-2A330F822168}.MinSizeRel|x64.Build.0 = MinSizeRel|x64
		{E892930E-7331-4E45-A408-2A330F822168}.RelWithDebInfo|x64.ActiveCfg = RelWithDebInfo|x64
		{E892930E-7331-4E45-A408-2A330F822168}.RelWithDebInfo|x64.Build.0 = RelWithDebInfo|x64
		{E98D4ACE-C3E7-484F-BC61-A0F7AB2412A1}.Debug|x64.ActiveCfg = Debug|x64
		{E98D4ACE-C3E7-484F-BC61-A0F7AB2412A1}.Debug|x64.Build.0 = Debug|x64
		{E98D4ACE-C3E7-484F-BC61-A0F7AB2412A1}.Release|x64.ActiveCfg = Release|x64
		{E98D4ACE-C3E7-484F-BC61-A0F7AB2412A1}.Release|x64.Build.0 = Release|x64
		{E98D4ACE-C3E7-484F-BC61-A0F7AB2412A1}.MinSizeRel|x64.ActiveCfg = MinSizeRel|x64
		{E98D4ACE-C3E7-484F-BC61-A0F7AB2412A1}.MinSizeRel|x64.Build.0 = MinSizeRel|x64
		{E98D4ACE-C3E7-484F-BC61-A0F7AB2412A1}.RelWithDebInfo|x64.ActiveCfg = RelWithDebInfo|x64
		{E98D4ACE-C3E7-484F-BC61-A0F7AB2412A1}.RelWithDebInfo|x64.Build.0 = RelWithDebInfo|x64
		{6673CEB1-32DC-4ECF-85C8-18BA34FB2ADC}.Debug|x64.ActiveCfg = Debug|x64
		{6673CEB1-32DC-4ECF-85C8-18BA34FB2ADC}.Debug|x64.Build.0 = Debug|x64
		{6673CEB1-32DC-4ECF-85C8-18BA34FB2ADC}.Release|x64.ActiveCfg = Release|x64
		{6673CEB1-32DC-4ECF-85C8-18BA34FB2ADC}.Release|x64.Build.0 = Release|x64
		{6673CEB1-32DC-4ECF-85C8-18BA34FB2ADC}.MinSizeRel|x64.ActiveCfg = MinSizeRel|x64
		{6673CEB1-32DC-4ECF-85C8-18BA34FB2ADC}.MinSizeRel|x64.Build.0 = MinSizeRel|x64
		{6673CEB1-32DC-4ECF-85C8-18BA34FB2ADC}.RelWithDebInfo|x64.ActiveCfg = RelWithDebInfo|x64
		{6673CEB1-32DC-4ECF-85C8-18BA34FB2ADC}.RelWithDebInfo|x64.Build.0 = RelWithDebInfo|x64
		{8FCABA66-D471-4722-B4A8-B308216BC456}.Debug|x64.ActiveCfg = Debug|x64
		{8FCABA66-D471-4722-B4A8-B308216BC456}.Debug|x64.Build.0 = Debug|x64
		{8FCABA66-D471-4722-B4A8-B308216BC456}.Release|x64.ActiveCfg = Release|x64
		{8FCABA66-D471-4722-B4A8-B308216BC456}.Release|x64.Build.0 = Release|x64
		{8FCABA66-D471-4722-B4A8-B308216BC456}.MinSizeRel|x64.ActiveCfg = MinSizeRel|x64
		{8FCABA66-D471-4722-B4A8-B308216BC456}.MinSizeRel|x64.Build.0 = MinSizeRel|x64
		{8FCABA66-D471-4722-B4A8-B308216BC456}.RelWithDebInfo|x64.ActiveCfg = RelWithDebInfo|x64
		{8FCABA66-D471-4722-B4A8-B308216BC456}.RelWithDebInfo|x64.Build.0 = RelWithDebInfo|x64
		{B95D62CA-F2B6-4B4F-B16B-5250E00F3A2F}.Debug|x64.ActiveCfg = Debug|x64
		{B95D62CA-F2B6-4B4F-B16B-5250E00F3A2F}.Debug|x64.Build.0 = Debug|x64
		{B95D62CA-F2B6-4B4F-B16B-5250E00F3A2F}.Release|x64.ActiveCfg = Release|x64
		{B95D62CA-F2B6-4B4F-B16B-5250E00F3A2F}.Release|x64.Build.0 = Release|x64
		{B95D62CA-F2B6-4B4F-B16B-5250E00F3A2F}.MinSizeRel|x64.ActiveCfg = MinSizeRel|x64
		{B95D62CA-F2B6-4B4F-B16B-5250E00F3A2F}.MinSizeRel|x64.Build.0 = MinSizeRel|x64
		{B95D62CA-F2B6-4B4F-B16B-5250E00F3A2F}.RelWithDebInfo|x64.ActiveCfg = RelWithDebInfo|x64
		{B95D62CA-F2B6-4B4F-B16B-5250E00F3A2F}.RelWithDebInfo|x64.Build.0 = RelWithDebInfo|x64
		{593123E6-B077-46E7-87B5-E90237BF0ED9}.Debug|x64.ActiveCfg = Debug|x64
		{593123E6-B077-46E7-87B5-E90237BF0ED9}.Debug|x64.Build.0 = Debug|x64
		{593123E6-B077-46E7-87B5-E90237BF0ED9}.Release|x64.ActiveCfg = Release|x64
		{593123E6-B077-46E7-87B5-E90237BF0ED9}.Release|x64.Build.0 = Release|x64
		{593123E6-B077-46E7-87B5-E90237BF0ED9}.MinSizeRel|x64.ActiveCfg = MinSizeRel|x64
		{593123E6-B077-46E7-87B5-E90237BF0ED9}.MinSizeRel|x64.Build.0 = MinSizeRel|x64
		{593123E6-B077-46E7-87B5-E90237BF0ED9}.RelWithDebInfo|x64.ActiveCfg = RelWithDebInfo|x64
		{593123E6-B077-46E7-87B5-E90237BF0ED9}.RelWithDebInfo|x64.Build.0 = RelWithDebInfo|x64
		{80F58E2D-C464-49CF-9107-C54FCBD46F8D}.Debug|x64.ActiveCfg = Debug|x64
		{80F58E2D-C464-49CF-9107-C54FCBD46F8D}.Debug|x64.Build.0 = Debug|x64
		{80F58E2D-C464-49CF-9107-C54FCBD46F8D}.Release|x64.ActiveCfg = Release|x64
		{80F58E2D-C464-49CF-9107-C54FCBD46F8D}.Release|x64.Build.0 = Release|x64
		{80F58E2D-C464-49CF-9107-C54FCBD46F8D}.MinSizeRel|x64.ActiveCfg = MinSizeRel|x64
		{80F58E2D-C464-49CF-9107-C54FCBD46F8D}.MinSizeRel|x64.Build.0 = MinSizeRel|x64
		{80F58E2D-C464-49CF-9107-C54FCBD46F8D}.RelWithDebInfo|x64.ActiveCfg = RelWithDebInfo|x64
		{80F58E2D-C464-49CF-9107-C54FCBD46F8D}.RelWithDebInfo|x64.Build.0 = RelWithDebInfo|x64
	EndGlobalSection
	GlobalSection(NestedProjects) = preSolution
		{D34F567D-1B10-4DFF-8EF1-3B9DF760BEC0} = {95139448-54F1-49FB-ADA3-03014667A66A}
		{E22E8195-A35B-459E-9247-F6B57A6BE7A6} = {95139448-54F1-49FB-ADA3-03014667A66A}
		{0FEE2810-1518-4A25-A5D8-6363C556A7F0} = {C8F184C1-1969-4A4A-A66E-DDFAB684AB79}
		{686B314E-B178-494C-AF55-7659B6663E89} = {C8F184C1-1969-4A4A-A66E-DDFAB684AB79}
		{FDA4D500-5710-41E0-8C5A-76B474AF1B73} = {C8F184C1-1969-4A4A-A66E-DDFAB684AB79}
		{E892930E-7331-4E45-A408-2A330F822168} = {C8F184C1-1969-4A4A-A66E-DDFAB684AB79}
		{E98D4ACE-C3E7-484F-BC61-A0F7AB2412A1} = {C8F184C1-1969-4A4A-A66E-DDFAB684AB79}
		{6673CEB1-32DC-4ECF-85C8-18BA34FB2ADC} = {C8F184C1-1969-4A4A-A66E-DDFAB684AB79}
		{8FCABA66-D471-4722-B4A8-B308216BC456} = {C8F184C1-1969-4A4A-A66E-DDFAB684AB79}
		{B95D62CA-F2B6-4B4F-B16B-5250E00F3A2F} = {C8F184C1-1969-4A4A-A66E-DDFAB684AB79}
		{593123E6-B077-46E7-87B5-E90237BF0ED9} = {C8F184C1-1969-4A4A-A66E-DDFAB684AB79}
		{80F58E2D-C464-49CF-9107-C54FCBD46F8D} = {C8F184C1-1969-4A4A-A66E-DDFAB684AB79}
		{6A07A9B1-3481-4681-9996-ED8306FF5FA9} = {44EE76D5-BB04-4A6F-83AA-54800592FEC8}
		{0AA4E53D-ED18-4B87-B01A-BD220EFEB07F} = {44EE76D5-BB04-4A6F-83AA-54800592FEC8}
		{0824DE64-04EA-4FC5-B0F3-0080FC45AF77} = {44EE76D5-BB04-4A6F-83AA-54800592FEC8}
		{4D120896-2E7E-4CA8-8DB7-ED0D02663ACD} = {44EE76D5-BB04-4A6F-83AA-54800592FEC8}
		{1736AD1F-A7EB-42A7-93EE-A0D6373EA487} = {44EE76D5-BB04-4A6F-83AA-54800592FEC8}
		{55528D70-3C7D-4C64-88FE-18444EAC9A45} = {44EE76D5-BB04-4A6F-83AA-54800592FEC8}
	EndGlobalSection
	GlobalSection(ExtensibilityGlobals) = postSolution
	EndGlobalSection
	GlobalSection(ExtensibilityAddIns) = postSolution
	EndGlobalSection
EndGlobal
