<?xml version="1.0" encoding="Windows-1252"?>
<Project ToolsVersion="12.0" xmlns="http://schemas.microsoft.com/developer/msbuild/2003">
  <ItemGroup>
    <ClCompile Include="C:\Users\My\Desktop\SFMLsrc\SFML-master\examples\voip\VoIP.cpp" />
    <ClCompile Include="C:\Users\My\Desktop\SFMLsrc\SFML-master\examples\voip\Client.cpp" />
    <ClCompile Include="C:\Users\My\Desktop\SFMLsrc\SFML-master\examples\voip\Server.cpp" />
  </ItemGroup>
  <ItemGroup>
    <CustomBuild Include="C:\Users\My\Desktop\SFMLsrc\SFML-master\examples\voip\CMakeLists.txt" />
  </ItemGroup>
  <ItemGroup>
  </ItemGroup>
</Project>
